// !$*UTF8*$!
{
	archiveVersion = 1;
	classes = {
	};
	objectVersion = 56;
	objects = {

/* Begin PBXBuildFile section */
		409E311C2AFF412E00037A1F /* AppDelegate.swift in Sources */ = {isa = PBXBuildFile; fileRef = 409E311B2AFF412E00037A1F /* AppDelegate.swift */; };
		409E311E2AFF412E00037A1F /* SceneDelegate.swift in Sources */ = {isa = PBXBuildFile; fileRef = 409E311D2AFF412E00037A1F /* SceneDelegate.swift */; };
		409E31202AFF412E00037A1F /* ViewController.swift in Sources */ = {isa = PBXBuildFile; fileRef = 409E311F2AFF412E00037A1F /* ViewController.swift */; };
		409E31232AFF412E00037A1F /* Main.storyboard in Resources */ = {isa = PBXBuildFile; fileRef = 409E31212AFF412E00037A1F /* Main.storyboard */; };
		409E31252AFF412F00037A1F /* Assets.xcassets in Resources */ = {isa = PBXBuildFile; fileRef = 409E31242AFF412F00037A1F /* Assets.xcassets */; };
		409E31282AFF412F00037A1F /* LaunchScreen.storyboard in Resources */ = {isa = PBXBuildFile; fileRef = 409E31262AFF412F00037A1F /* LaunchScreen.storyboard */; };
		409E31332AFF412F00037A1F /* RecipesTests.swift in Sources */ = {isa = PBXBuildFile; fileRef = 409E31322AFF412F00037A1F /* RecipesTests.swift */; };
		409E313D2AFF412F00037A1F /* RecipesUITests.swift in Sources */ = {isa = PBXBuildFile; fileRef = 409E313C2AFF412F00037A1F /* RecipesUITests.swift */; };
		409E313F2AFF412F00037A1F /* RecipesUITestsLaunchTests.swift in Sources */ = {isa = PBXBuildFile; fileRef = 409E313E2AFF412F00037A1F /* RecipesUITestsLaunchTests.swift */; };
/* End PBXBuildFile section */

/* Begin PBXContainerItemProxy section */
		409E312F2AFF412F00037A1F /* PBXContainerItemProxy */ = {
			isa = PBXContainerItemProxy;
			containerPortal = 409E31102AFF412E00037A1F /* Project object */;
			proxyType = 1;
			remoteGlobalIDString = 409E31172AFF412E00037A1F;
			remoteInfo = Recipes;
		};
		409E31392AFF412F00037A1F /* PBXContainerItemProxy */ = {
			isa = PBXContainerItemProxy;
			containerPortal = 409E31102AFF412E00037A1F /* Project object */;
			proxyType = 1;
			remoteGlobalIDString = 409E31172AFF412E00037A1F;
			remoteInfo = Recipes;
		};
/* End PBXContainerItemProxy section */

/* Begin PBXFileReference section */
		409E31182AFF412E00037A1F /* Recipes.app */ = {isa = PBXFileReference; explicitFileType = wrapper.application; includeInIndex = 0; path = Recipes.app; sourceTree = BUILT_PRODUCTS_DIR; };
		409E311B2AFF412E00037A1F /* AppDelegate.swift */ = {isa = PBXFileReference; lastKnownFileType = sourcecode.swift; path = AppDelegate.swift; sourceTree = "<group>"; };
		409E311D2AFF412E00037A1F /* SceneDelegate.swift */ = {isa = PBXFileReference; lastKnownFileType = sourcecode.swift; path = SceneDelegate.swift; sourceTree = "<group>"; };
		409E311F2AFF412E00037A1F /* ViewController.swift */ = {isa = PBXFileReference; lastKnownFileType = sourcecode.swift; path = ViewController.swift; sourceTree = "<group>"; };
		409E31222AFF412E00037A1F /* Base */ = {isa = PBXFileReference; lastKnownFileType = file.storyboard; name = Base; path = Base.lproj/Main.storyboard; sourceTree = "<group>"; };
		409E31242AFF412F00037A1F /* Assets.xcassets */ = {isa = PBXFileReference; lastKnownFileType = folder.assetcatalog; path = Assets.xcassets; sourceTree = "<group>"; };
		409E31272AFF412F00037A1F /* Base */ = {isa = PBXFileReference; lastKnownFileType = file.storyboard; name = Base; path = Base.lproj/LaunchScreen.storyboard; sourceTree = "<group>"; };
		409E31292AFF412F00037A1F /* Info.plist */ = {isa = PBXFileReference; lastKnownFileType = text.plist.xml; path = Info.plist; sourceTree = "<group>"; };
		409E312E2AFF412F00037A1F /* RecipesTests.xctest */ = {isa = PBXFileReference; explicitFileType = wrapper.cfbundle; includeInIndex = 0; path = RecipesTests.xctest; sourceTree = BUILT_PRODUCTS_DIR; };
		409E31322AFF412F00037A1F /* RecipesTests.swift */ = {isa = PBXFileReference; lastKnownFileType = sourcecode.swift; path = RecipesTests.swift; sourceTree = "<group>"; };
		409E31382AFF412F00037A1F /* RecipesUITests.xctest */ = {isa = PBXFileReference; explicitFileType = wrapper.cfbundle; includeInIndex = 0; path = RecipesUITests.xctest; sourceTree = BUILT_PRODUCTS_DIR; };
		409E313C2AFF412F00037A1F /* RecipesUITests.swift */ = {isa = PBXFileReference; lastKnownFileType = sourcecode.swift; path = RecipesUITests.swift; sourceTree = "<group>"; };
		409E313E2AFF412F00037A1F /* RecipesUITestsLaunchTests.swift */ = {isa = PBXFileReference; lastKnownFileType = sourcecode.swift; path = RecipesUITestsLaunchTests.swift; sourceTree = "<group>"; };
/* End PBXFileReference section */

/* Begin PBXFrameworksBuildPhase section */
		409E31152AFF412E00037A1F /* Frameworks */ = {
			isa = PBXFrameworksBuildPhase;
			buildActionMask = 2147483647;
			files = (
			);
			runOnlyForDeploymentPostprocessing = 0;
		};
		409E312B2AFF412F00037A1F /* Frameworks */ = {
			isa = PBXFrameworksBuildPhase;
			buildActionMask = 2147483647;
			files = (
			);
			runOnlyForDeploymentPostprocessing = 0;
		};
		409E31352AFF412F00037A1F /* Frameworks */ = {
			isa = PBXFrameworksBuildPhase;
			buildActionMask = 2147483647;
			files = (
			);
			runOnlyForDeploymentPostprocessing = 0;
		};
/* End PBXFrameworksBuildPhase section */

/* Begin PBXGroup section */
		409E310F2AFF412E00037A1F = {
			isa = PBXGroup;
			children = (
				409E311A2AFF412E00037A1F /* Recipes */,
				409E31312AFF412F00037A1F /* RecipesTests */,
				409E313B2AFF412F00037A1F /* RecipesUITests */,
				409E31192AFF412E00037A1F /* Products */,
			);
			sourceTree = "<group>";
		};
		409E31192AFF412E00037A1F /* Products */ = {
			isa = PBXGroup;
			children = (
				409E31182AFF412E00037A1F /* Recipes.app */,
				409E312E2AFF412F00037A1F /* RecipesTests.xctest */,
				409E31382AFF412F00037A1F /* RecipesUITests.xctest */,
			);
			name = Products;
			sourceTree = "<group>";
		};
		409E311A2AFF412E00037A1F /* Recipes */ = {
			isa = PBXGroup;
			children = (
				409E311B2AFF412E00037A1F /* AppDelegate.swift */,
				409E311D2AFF412E00037A1F /* SceneDelegate.swift */,
				409E311F2AFF412E00037A1F /* ViewController.swift */,
				409E31212AFF412E00037A1F /* Main.storyboard */,
				409E31242AFF412F00037A1F /* Assets.xcassets */,
				409E31262AFF412F00037A1F /* LaunchScreen.storyboard */,
				409E31292AFF412F00037A1F /* Info.plist */,
			);
			path = Recipes;
			sourceTree = "<group>";
		};
		409E31312AFF412F00037A1F /* RecipesTests */ = {
			isa = PBXGroup;
			children = (
				409E31322AFF412F00037A1F /* RecipesTests.swift */,
			);
			path = RecipesTests;
			sourceTree = "<group>";
		};
		409E313B2AFF412F00037A1F /* RecipesUITests */ = {
			isa = PBXGroup;
			children = (
				409E313C2AFF412F00037A1F /* RecipesUITests.swift */,
				409E313E2AFF412F00037A1F /* RecipesUITestsLaunchTests.swift */,
			);
			path = RecipesUITests;
			sourceTree = "<group>";
		};
/* End PBXGroup section */

/* Begin PBXNativeTarget section */
		409E31172AFF412E00037A1F /* Recipes */ = {
			isa = PBXNativeTarget;
			buildConfigurationList = 409E31422AFF412F00037A1F /* Build configuration list for PBXNativeTarget "Recipes" */;
			buildPhases = (
				409E31142AFF412E00037A1F /* Sources */,
				409E31152AFF412E00037A1F /* Frameworks */,
				409E31162AFF412E00037A1F /* Resources */,
			);
			buildRules = (
			);
			dependencies = (
			);
			name = Recipes;
			productName = Recipes;
			productReference = 409E31182AFF412E00037A1F /* Recipes.app */;
			productType = "com.apple.product-type.application";
		};
		409E312D2AFF412F00037A1F /* RecipesTests */ = {
			isa = PBXNativeTarget;
			buildConfigurationList = 409E31452AFF412F00037A1F /* Build configuration list for PBXNativeTarget "RecipesTests" */;
			buildPhases = (
				409E312A2AFF412F00037A1F /* Sources */,
				409E312B2AFF412F00037A1F /* Frameworks */,
				409E312C2AFF412F00037A1F /* Resources */,
			);
			buildRules = (
			);
			dependencies = (
				409E31302AFF412F00037A1F /* PBXTargetDependency */,
			);
			name = RecipesTests;
			productName = RecipesTests;
			productReference = 409E312E2AFF412F00037A1F /* RecipesTests.xctest */;
			productType = "com.apple.product-type.bundle.unit-test";
		};
		409E31372AFF412F00037A1F /* RecipesUITests */ = {
			isa = PBXNativeTarget;
			buildConfigurationList = 409E31482AFF412F00037A1F /* Build configuration list for PBXNativeTarget "RecipesUITests" */;
			buildPhases = (
				409E31342AFF412F00037A1F /* Sources */,
				409E31352AFF412F00037A1F /* Frameworks */,
				409E31362AFF412F00037A1F /* Resources */,
			);
			buildRules = (
			);
			dependencies = (
				409E313A2AFF412F00037A1F /* PBXTargetDependency */,
			);
			name = RecipesUITests;
			productName = RecipesUITests;
			productReference = 409E31382AFF412F00037A1F /* RecipesUITests.xctest */;
			productType = "com.apple.product-type.bundle.ui-testing";
		};
/* End PBXNativeTarget section */

/* Begin PBXProject section */
		409E31102AFF412E00037A1F /* Project object */ = {
			isa = PBXProject;
			attributes = {
				BuildIndependentTargetsInParallel = 1;
				LastSwiftUpdateCheck = 1500;
				LastUpgradeCheck = 1500;
				TargetAttributes = {
					409E31172AFF412E00037A1F = {
						CreatedOnToolsVersion = 15.0;
					};
					409E312D2AFF412F00037A1F = {
						CreatedOnToolsVersion = 15.0;
						TestTargetID = 409E31172AFF412E00037A1F;
					};
					409E31372AFF412F00037A1F = {
						CreatedOnToolsVersion = 15.0;
						TestTargetID = 409E31172AFF412E00037A1F;
					};
				};
			};
			buildConfigurationList = 409E31132AFF412E00037A1F /* Build configuration list for PBXProject "Recipes" */;
			compatibilityVersion = "Xcode 14.0";
			developmentRegion = en;
			hasScannedForEncodings = 0;
			knownRegions = (
				en,
				Base,
			);
			mainGroup = 409E310F2AFF412E00037A1F;
			productRefGroup = 409E31192AFF412E00037A1F /* Products */;
			projectDirPath = "";
			projectRoot = "";
			targets = (
				409E31172AFF412E00037A1F /* Recipes */,
				409E312D2AFF412F00037A1F /* RecipesTests */,
				409E31372AFF412F00037A1F /* RecipesUITests */,
			);
		};
/* End PBXProject section */

/* Begin PBXResourcesBuildPhase section */
		409E31162AFF412E00037A1F /* Resources */ = {
			isa = PBXResourcesBuildPhase;
			buildActionMask = 2147483647;
			files = (
				409E31282AFF412F00037A1F /* LaunchScreen.storyboard in Resources */,
				409E31252AFF412F00037A1F /* Assets.xcassets in Resources */,
				409E31232AFF412E00037A1F /* Main.storyboard in Resources */,
			);
			runOnlyForDeploymentPostprocessing = 0;
		};
		409E312C2AFF412F00037A1F /* Resources */ = {
			isa = PBXResourcesBuildPhase;
			buildActionMask = 2147483647;
			files = (
			);
			runOnlyForDeploymentPostprocessing = 0;
		};
		409E31362AFF412F00037A1F /* Resources */ = {
			isa = PBXResourcesBuildPhase;
			buildActionMask = 2147483647;
			files = (
			);
			runOnlyForDeploymentPostprocessing = 0;
		};
/* End PBXResourcesBuildPhase section */

/* Begin PBXSourcesBuildPhase section */
		409E31142AFF412E00037A1F /* Sources */ = {
			isa = PBXSourcesBuildPhase;
			buildActionMask = 2147483647;
			files = (
				409E31202AFF412E00037A1F /* ViewController.swift in Sources */,
				409E311C2AFF412E00037A1F /* AppDelegate.swift in Sources */,
				409E311E2AFF412E00037A1F /* SceneDelegate.swift in Sources */,
			);
			runOnlyForDeploymentPostprocessing = 0;
		};
		409E312A2AFF412F00037A1F /* Sources */ = {
			isa = PBXSourcesBuildPhase;
			buildActionMask = 2147483647;
			files = (
				409E31332AFF412F00037A1F /* RecipesTests.swift in Sources */,
			);
			runOnlyForDeploymentPostprocessing = 0;
		};
		409E31342AFF412F00037A1F /* Sources */ = {
			isa = PBXSourcesBuildPhase;
			buildActionMask = 2147483647;
			files = (
				409E313F2AFF412F00037A1F /* RecipesUITestsLaunchTests.swift in Sources */,
				409E313D2AFF412F00037A1F /* RecipesUITests.swift in Sources */,
			);
			runOnlyForDeploymentPostprocessing = 0;
		};
/* End PBXSourcesBuildPhase section */

/* Begin PBXTargetDependency section */
		409E31302AFF412F00037A1F /* PBXTargetDependency */ = {
			isa = PBXTargetDependency;
			target = 409E31172AFF412E00037A1F /* Recipes */;
			targetProxy = 409E312F2AFF412F00037A1F /* PBXContainerItemProxy */;
		};
		409E313A2AFF412F00037A1F /* PBXTargetDependency */ = {
			isa = PBXTargetDependency;
			target = 409E31172AFF412E00037A1F /* Recipes */;
			targetProxy = 409E31392AFF412F00037A1F /* PBXContainerItemProxy */;
		};
/* End PBXTargetDependency section */

/* Begin PBXVariantGroup section */
		409E31212AFF412E00037A1F /* Main.storyboard */ = {
			isa = PBXVariantGroup;
			children = (
				409E31222AFF412E00037A1F /* Base */,
			);
			name = Main.storyboard;
			sourceTree = "<group>";
		};
		409E31262AFF412F00037A1F /* LaunchScreen.storyboard */ = {
			isa = PBXVariantGroup;
			children = (
				409E31272AFF412F00037A1F /* Base */,
			);
			name = LaunchScreen.storyboard;
			sourceTree = "<group>";
		};
/* End PBXVariantGroup section */

/* Begin XCBuildConfiguration section */
		409E31402AFF412F00037A1F /* Debug */ = {
			isa = XCBuildConfiguration;
			buildSettings = {
				ALWAYS_SEARCH_USER_PATHS = NO;
				ASSETCATALOG_COMPILER_GENERATE_SWIFT_ASSET_SYMBOL_EXTENSIONS = YES;
				CLANG_ANALYZER_NONNULL = YES;
				CLANG_ANALYZER_NUMBER_OBJECT_CONVERSION = YES_AGGRESSIVE;
				CLANG_CXX_LANGUAGE_STANDARD = "gnu++20";
				CLANG_ENABLE_MODULES = YES;
				CLANG_ENABLE_OBJC_ARC = YES;
				CLANG_ENABLE_OBJC_WEAK = YES;
				CLANG_WARN_BLOCK_CAPTURE_AUTORELEASING = YES;
				CLANG_WARN_BOOL_CONVERSION = YES;
				CLANG_WARN_COMMA = YES;
				CLANG_WARN_CONSTANT_CONVERSION = YES;
				CLANG_WARN_DEPRECATED_OBJC_IMPLEMENTATIONS = YES;
				CLANG_WARN_DIRECT_OBJC_ISA_USAGE = YES_ERROR;
				CLANG_WARN_DOCUMENTATION_COMMENTS = YES;
				CLANG_WARN_EMPTY_BODY = YES;
				CLANG_WARN_ENUM_CONVERSION = YES;
				CLANG_WARN_INFINITE_RECURSION = YES;
				CLANG_WARN_INT_CONVERSION = YES;
				CLANG_WARN_NON_LITERAL_NULL_CONVERSION = YES;
				CLANG_WARN_OBJC_IMPLICIT_RETAIN_SELF = YES;
				CLANG_WARN_OBJC_LITERAL_CONVERSION = YES;
				CLANG_WARN_OBJC_ROOT_CLASS = YES_ERROR;
				CLANG_WARN_QUOTED_INCLUDE_IN_FRAMEWORK_HEADER = YES;
				CLANG_WARN_RANGE_LOOP_ANALYSIS = YES;
				CLANG_WARN_STRICT_PROTOTYPES = YES;
				CLANG_WARN_SUSPICIOUS_MOVE = YES;
				CLANG_WARN_UNGUARDED_AVAILABILITY = YES_AGGRESSIVE;
				CLANG_WARN_UNREACHABLE_CODE = YES;
				CLANG_WARN__DUPLICATE_METHOD_MATCH = YES;
				COPY_PHASE_STRIP = NO;
				DEBUG_INFORMATION_FORMAT = dwarf;
				ENABLE_STRICT_OBJC_MSGSEND = YES;
				ENABLE_TESTABILITY = YES;
				ENABLE_USER_SCRIPT_SANDBOXING = YES;
				GCC_C_LANGUAGE_STANDARD = gnu17;
				GCC_DYNAMIC_NO_PIC = NO;
				GCC_NO_COMMON_BLOCKS = YES;
				GCC_OPTIMIZATION_LEVEL = 0;
				GCC_PREPROCESSOR_DEFINITIONS = (
					"DEBUG=1",
					"$(inherited)",
				);
				GCC_WARN_64_TO_32_BIT_CONVERSION = YES;
				GCC_WARN_ABOUT_RETURN_TYPE = YES_ERROR;
				GCC_WARN_UNDECLARED_SELECTOR = YES;
				GCC_WARN_UNINITIALIZED_AUTOS = YES_AGGRESSIVE;
				GCC_WARN_UNUSED_FUNCTION = YES;
				GCC_WARN_UNUSED_VARIABLE = YES;
				IPHONEOS_DEPLOYMENT_TARGET = 17.0;
				LOCALIZATION_PREFERS_STRING_CATALOGS = YES;
				MTL_ENABLE_DEBUG_INFO = INCLUDE_SOURCE;
				MTL_FAST_MATH = YES;
				ONLY_ACTIVE_ARCH = YES;
				SDKROOT = iphoneos;
				SWIFT_ACTIVE_COMPILATION_CONDITIONS = "DEBUG $(inherited)";
				SWIFT_OPTIMIZATION_LEVEL = "-Onone";
			};
			name = Debug;
		};
		409E31412AFF412F00037A1F /* Release */ = {
			isa = XCBuildConfiguration;
			buildSettings = {
				ALWAYS_SEARCH_USER_PATHS = NO;
				ASSETCATALOG_COMPILER_GENERATE_SWIFT_ASSET_SYMBOL_EXTENSIONS = YES;
				CLANG_ANALYZER_NONNULL = YES;
				CLANG_ANALYZER_NUMBER_OBJECT_CONVERSION = YES_AGGRESSIVE;
				CLANG_CXX_LANGUAGE_STANDARD = "gnu++20";
				CLANG_ENABLE_MODULES = YES;
				CLANG_ENABLE_OBJC_ARC = YES;
				CLANG_ENABLE_OBJC_WEAK = YES;
				CLANG_WARN_BLOCK_CAPTURE_AUTORELEASING = YES;
				CLANG_WARN_BOOL_CONVERSION = YES;
				CLANG_WARN_COMMA = YES;
				CLANG_WARN_CONSTANT_CONVERSION = YES;
				CLANG_WARN_DEPRECATED_OBJC_IMPLEMENTATIONS = YES;
				CLANG_WARN_DIRECT_OBJC_ISA_USAGE = YES_ERROR;
				CLANG_WARN_DOCUMENTATION_COMMENTS = YES;
				CLANG_WARN_EMPTY_BODY = YES;
				CLANG_WARN_ENUM_CONVERSION = YES;
				CLANG_WARN_INFINITE_RECURSION = YES;
				CLANG_WARN_INT_CONVERSION = YES;
				CLANG_WARN_NON_LITERAL_NULL_CONVERSION = YES;
				CLANG_WARN_OBJC_IMPLICIT_RETAIN_SELF = YES;
				CLANG_WARN_OBJC_LITERAL_CONVERSION = YES;
				CLANG_WARN_OBJC_ROOT_CLASS = YES_ERROR;
				CLANG_WARN_QUOTED_INCLUDE_IN_FRAMEWORK_HEADER = YES;
				CLANG_WARN_RANGE_LOOP_ANALYSIS = YES;
				CLANG_WARN_STRICT_PROTOTYPES = YES;
				CLANG_WARN_SUSPICIOUS_MOVE = YES;
				CLANG_WARN_UNGUARDED_AVAILABILITY = YES_AGGRESSIVE;
				CLANG_WARN_UNREACHABLE_CODE = YES;
				CLANG_WARN__DUPLICATE_METHOD_MATCH = YES;
				COPY_PHASE_STRIP = NO;
				DEBUG_INFORMATION_FORMAT = "dwarf-with-dsym";
				ENABLE_NS_ASSERTIONS = NO;
				ENABLE_STRICT_OBJC_MSGSEND = YES;
				ENABLE_USER_SCRIPT_SANDBOXING = YES;
				GCC_C_LANGUAGE_STANDARD = gnu17;
				GCC_NO_COMMON_BLOCKS = YES;
				GCC_WARN_64_TO_32_BIT_CONVERSION = YES;
				GCC_WARN_ABOUT_RETURN_TYPE = YES_ERROR;
				GCC_WARN_UNDECLARED_SELECTOR = YES;
				GCC_WARN_UNINITIALIZED_AUTOS = YES_AGGRESSIVE;
				GCC_WARN_UNUSED_FUNCTION = YES;
				GCC_WARN_UNUSED_VARIABLE = YES;
				IPHONEOS_DEPLOYMENT_TARGET = 17.0;
				LOCALIZATION_PREFERS_STRING_CATALOGS = YES;
				MTL_ENABLE_DEBUG_INFO = NO;
				MTL_FAST_MATH = YES;
				SDKROOT = iphoneos;
				SWIFT_COMPILATION_MODE = wholemodule;
				VALIDATE_PRODUCT = YES;
			};
			name = Release;
		};
		409E31432AFF412F00037A1F /* Debug */ = {
			isa = XCBuildConfiguration;
			buildSettings = {
				ASSETCATALOG_COMPILER_APPICON_NAME = AppIcon;
				ASSETCATALOG_COMPILER_GLOBAL_ACCENT_COLOR_NAME = AccentColor;
				CODE_SIGN_STYLE = Automatic;
				CURRENT_PROJECT_VERSION = 1;
				DEVELOPMENT_TEAM = 79SAEB56W5;
				GENERATE_INFOPLIST_FILE = YES;
				INFOPLIST_FILE = Recipes/Info.plist;
				INFOPLIST_KEY_UIApplicationSupportsIndirectInputEvents = YES;
				INFOPLIST_KEY_UILaunchStoryboardName = LaunchScreen;
				INFOPLIST_KEY_UIMainStoryboardFile = Main;
				INFOPLIST_KEY_UISupportedInterfaceOrientations_iPad = "UIInterfaceOrientationPortrait UIInterfaceOrientationPortraitUpsideDown UIInterfaceOrientationLandscapeLeft UIInterfaceOrientationLandscapeRight";
				INFOPLIST_KEY_UISupportedInterfaceOrientations_iPhone = "UIInterfaceOrientationPortrait UIInterfaceOrientationLandscapeLeft UIInterfaceOrientationLandscapeRight";
				LD_RUNPATH_SEARCH_PATHS = (
					"$(inherited)",
					"@executable_path/Frameworks",
				);
				MARKETING_VERSION = 1.0;
				PRODUCT_BUNDLE_IDENTIFIER = com.palomino.Recipes;
				PRODUCT_NAME = "$(TARGET_NAME)";
				SWIFT_EMIT_LOC_STRINGS = YES;
				SWIFT_VERSION = 5.0;
				TARGETED_DEVICE_FAMILY = "1,2";
			};
			name = Debug;
		};
		409E31442AFF412F00037A1F /* Release */ = {
			isa = XCBuildConfiguration;
			buildSettings = {
				ASSETCATALOG_COMPILER_APPICON_NAME = AppIcon;
				ASSETCATALOG_COMPILER_GLOBAL_ACCENT_COLOR_NAME = AccentColor;
				CODE_SIGN_STYLE = Automatic;
				CURRENT_PROJECT_VERSION = 1;
				DEVELOPMENT_TEAM = 79SAEB56W5;
				GENERATE_INFOPLIST_FILE = YES;
				INFOPLIST_FILE = Recipes/Info.plist;
				INFOPLIST_KEY_UIApplicationSupportsIndirectInputEvents = YES;
				INFOPLIST_KEY_UILaunchStoryboardName = LaunchScreen;
				INFOPLIST_KEY_UIMainStoryboardFile = Main;
				INFOPLIST_KEY_UISupportedInterfaceOrientations_iPad = "UIInterfaceOrientationPortrait UIInterfaceOrientationPortraitUpsideDown UIInterfaceOrientationLandscapeLeft UIInterfaceOrientationLandscapeRight";
				INFOPLIST_KEY_UISupportedInterfaceOrientations_iPhone = "UIInterfaceOrientationPortrait UIInterfaceOrientationLandscapeLeft UIInterfaceOrientationLandscapeRight";
				LD_RUNPATH_SEARCH_PATHS = (
					"$(inherited)",
					"@executable_path/Frameworks",
				);
				MARKETING_VERSION = 1.0;
				PRODUCT_BUNDLE_IDENTIFIER = com.palomino.Recipes;
				PRODUCT_NAME = "$(TARGET_NAME)";
				SWIFT_EMIT_LOC_STRINGS = YES;
				SWIFT_VERSION = 5.0;
				TARGETED_DEVICE_FAMILY = "1,2";
			};
			name = Release;
		};
		409E31462AFF412F00037A1F /* Debug */ = {
			isa = XCBuildConfiguration;
			buildSettings = {
				ALWAYS_EMBED_SWIFT_STANDARD_LIBRARIES = YES;
				BUNDLE_LOADER = "$(TEST_HOST)";
				CODE_SIGN_STYLE = Automatic;
				CURRENT_PROJECT_VERSION = 1;
				DEVELOPMENT_TEAM = 79SAEB56W5;
				GENERATE_INFOPLIST_FILE = YES;
				IPHONEOS_DEPLOYMENT_TARGET = 17.0;
				MARKETING_VERSION = 1.0;
				PRODUCT_BUNDLE_IDENTIFIER = com.palomino.RecipesTests;
				PRODUCT_NAME = "$(TARGET_NAME)";
				SWIFT_EMIT_LOC_STRINGS = NO;
				SWIFT_VERSION = 5.0;
				TARGETED_DEVICE_FAMILY = "1,2";
				TEST_HOST = "$(BUILT_PRODUCTS_DIR)/Recipes.app/$(BUNDLE_EXECUTABLE_FOLDER_PATH)/Recipes";
			};
			name = Debug;
		};
		409E31472AFF412F00037A1F /* Release */ = {
			isa = XCBuildConfiguration;
			buildSettings = {
				ALWAYS_EMBED_SWIFT_STANDARD_LIBRARIES = YES;
				BUNDLE_LOADER = "$(TEST_HOST)";
				CODE_SIGN_STYLE = Automatic;
				CURRENT_PROJECT_VERSION = 1;
				DEVELOPMENT_TEAM = 79SAEB56W5;
				GENERATE_INFOPLIST_FILE = YES;
				IPHONEOS_DEPLOYMENT_TARGET = 17.0;
				MARKETING_VERSION = 1.0;
				PRODUCT_BUNDLE_IDENTIFIER = com.palomino.RecipesTests;
				PRODUCT_NAME = "$(TARGET_NAME)";
				SWIFT_EMIT_LOC_STRINGS = NO;
				SWIFT_VERSION = 5.0;
				TARGETED_DEVICE_FAMILY = "1,2";
				TEST_HOST = "$(BUILT_PRODUCTS_DIR)/Recipes.app/$(BUNDLE_EXECUTABLE_FOLDER_PATH)/Recipes";
			};
			name = Release;
		};
		409E31492AFF412F00037A1F /* Debug */ = {
			isa = XCBuildConfiguration;
			buildSettings = {
				ALWAYS_EMBED_SWIFT_STANDARD_LIBRARIES = YES;
				CODE_SIGN_STYLE = Automatic;
				CURRENT_PROJECT_VERSION = 1;
				DEVELOPMENT_TEAM = 79SAEB56W5;
				GENERATE_INFOPLIST_FILE = YES;
				MARKETING_VERSION = 1.0;
				PRODUCT_BUNDLE_IDENTIFIER = com.palomino.RecipesUITests;
				PRODUCT_NAME = "$(TARGET_NAME)";
				SWIFT_EMIT_LOC_STRINGS = NO;
				SWIFT_VERSION = 5.0;
				TARGETED_DEVICE_FAMILY = "1,2";
				TEST_TARGET_NAME = Recipes;
			};
			name = Debug;
		};
		409E314A2AFF412F00037A1F /* Release */ = {
			isa = XCBuildConfiguration;
			buildSettings = {
				ALWAYS_EMBED_SWIFT_STANDARD_LIBRARIES = YES;
				CODE_SIGN_STYLE = Automatic;
				CURRENT_PROJECT_VERSION = 1;
				DEVELOPMENT_TEAM = 79SAEB56W5;
				GENERATE_INFOPLIST_FILE = YES;
				MARKETING_VERSION = 1.0;
				PRODUCT_BUNDLE_IDENTIFIER = com.palomino.RecipesUITests;
				PRODUCT_NAME = "$(TARGET_NAME)";
				SWIFT_EMIT_LOC_STRINGS = NO;
				SWIFT_VERSION = 5.0;
				TARGETED_DEVICE_FAMILY = "1,2";
				TEST_TARGET_NAME = Recipes;
			};
			name = Release;
		};
/* End XCBuildConfiguration section */

/* Begin XCConfigurationList section */
		409E31132AFF412E00037A1F /* Build configuration list for PBXProject "Recipes" */ = {
			isa = XCConfigurationList;
			buildConfigurations = (
				409E31402AFF412F00037A1F /* Debug */,
				409E31412AFF412F00037A1F /* Release */,
			);
			defaultConfigurationIsVisible = 0;
			defaultConfigurationName = Release;
		};
		409E31422AFF412F00037A1F /* Build configuration list for PBXNativeTarget "Recipes" */ = {
			isa = XCConfigurationList;
			buildConfigurations = (
				409E31432AFF412F00037A1F /* Debug */,
				409E31442AFF412F00037A1F /* Release */,
			);
			defaultConfigurationIsVisible = 0;
			defaultConfigurationName = Release;
		};
		409E31452AFF412F00037A1F /* Build configuration list for PBXNativeTarget "RecipesTests" */ = {
			isa = XCConfigurationList;
			buildConfigurations = (
				409E31462AFF412F00037A1F /* Debug */,
				409E31472AFF412F00037A1F /* Release */,
			);
			defaultConfigurationIsVisible = 0;
			defaultConfigurationName = Release;
		};
		409E31482AFF412F00037A1F /* Build configuration list for PBXNativeTarget "RecipesUITests" */ = {
			isa = XCConfigurationList;
			buildConfigurations = (
				409E31492AFF412F00037A1F /* Debug */,
				409E314A2AFF412F00037A1F /* Release */,
			);
			defaultConfigurationIsVisible = 0;
			defaultConfigurationName = Release;
		};
/* End XCConfigurationList section */
	};
	rootObject = 409E31102AFF412E00037A1F /* Project object */;
}
